{
  "name": "easyql",
  "version": "0.1.19",
  "lockfileVersion": 1,
  "requires": true,
  "dependencies": {
    "@types/debug": {
      "version": "0.0.30",
      "resolved": "https://registry.npmjs.org/@types/debug/-/debug-0.0.30.tgz",
      "integrity": "sha512-orGL5LXERPYsLov6CWs3Fh6203+dXzJkR7OnddIr2514Hsecwc8xRpzCapshBbKFImCsvS/mk6+FWiN5LyZJAQ=="
    },
    "@types/mariasql": {
      "version": "0.1.29",
      "resolved": "https://registry.npmjs.org/@types/mariasql/-/mariasql-0.1.29.tgz",
      "integrity": "sha512-4Dm5p6sRJplMKMxa05AmuVS357eqYRQ6oN7kQmaKhH0pGnnJSN6TvAZiyVlDA/VGJs4hPuCvKLPQc4h2LXhrgA=="
    },
    "@types/mocha": {
      "version": "2.2.47",
      "resolved": "https://registry.npmjs.org/@types/mocha/-/mocha-2.2.47.tgz",
      "integrity": "sha512-v/lko8AvmTt1K8p+ebdhdiHJE7zpPBYsDKjJSNCl8GwPGkKe5xND7s6M36LKye/USbWSPA7gYCDL0+DZ5h0L6Q=="
    },
    "@types/node": {
      "version": "9.4.0",
      "resolved": "https://registry.npmjs.org/@types/node/-/node-9.4.0.tgz",
      "integrity": "sha512-zkYho6/4wZyX6o9UQ8rd0ReEaiEYNNCqYFIAACe2Tf9DrYlgzWW27OigYHnnztnnZQwVRpwWmZKegFmDpinIsA=="
    },
    "debug": {
      "version": "3.1.0",
      "resolved": "https://registry.npmjs.org/debug/-/debug-3.1.0.tgz",
      "integrity": "sha512-OX8XqP7/1a9cqkxYw2yXss15f26NKWBpDXQd0/uK/KPqdQhxbPa994hnzjcE2VqQpDslf55723cKPUOGSmMY3g==",
      "requires": {
        "ms": "2.0.0"
      }
    },
    "easyerror": {
      "version": "0.1.1",
      "resolved": "https://registry.npmjs.org/easyerror/-/easyerror-0.1.1.tgz",
      "integrity": "sha512-CeCZqOxGRH1LPsAzZnWgz+b02QPsTi4O1FcJ8u4Gr9X83QsP1/xdHfv3aVGe9p94WH24njN0XHrHROWg2vfddQ==",
      "requires": {
        "@types/mocha": "5.2.5",
        "@types/node": "10.7.1"
      },
      "dependencies": {
        "@types/mocha": {
          "version": "5.2.5",
          "resolved": "https://registry.npmjs.org/@types/mocha/-/mocha-5.2.5.tgz",
          "integrity": "sha512-lAVp+Kj54ui/vLUFxsJTMtWvZraZxum3w3Nwkble2dNuV5VnPA+Mi2oGX9XYJAaIvZi3tn3cbjS/qcJXRb6Bww=="
        },
        "@types/node": {
          "version": "10.7.1",
          "resolved": "https://registry.npmjs.org/@types/node/-/node-10.7.1.tgz",
          "integrity": "sha512-EGoI4ylB/lPOaqXqtzAyL8HcgOuCtH2hkEaLmkueOYufsTFWBn4VCvlCDC2HW8Q+9iF+QVC3sxjDKQYjHQeZ9w=="
        }
      }
    },
    "easypool": {
      "version": "0.9.0",
      "resolved": "https://registry.npmjs.org/easypool/-/easypool-0.9.0.tgz",
      "integrity": "sha512-1zPHVqHl4t2MJYd0KS7B3YuGsNhffmMRNAewrZmmgAUcOe2PmuhdN6sU70akLz/YTm6Z/dqPADzH8Y/AXIyQxw==",
      "requires": {
        "@types/debug": "0.0.30",
        "@types/mocha": "5.2.5",
        "@types/node": "10.7.1",
        "debug": "3.1.0"
      },
      "dependencies": {
        "@types/mocha": {
          "version": "5.2.5",
          "resolved": "https://registry.npmjs.org/@types/mocha/-/mocha-5.2.5.tgz",
          "integrity": "sha512-lAVp+Kj54ui/vLUFxsJTMtWvZraZxum3w3Nwkble2dNuV5VnPA+Mi2oGX9XYJAaIvZi3tn3cbjS/qcJXRb6Bww=="
        },
        "@types/node": {
          "version": "10.7.1",
          "resolved": "https://registry.npmjs.org/@types/node/-/node-10.7.1.tgz",
          "integrity": "sha512-EGoI4ylB/lPOaqXqtzAyL8HcgOuCtH2hkEaLmkueOYufsTFWBn4VCvlCDC2HW8Q+9iF+QVC3sxjDKQYjHQeZ9w=="
        }
      }
    },
    "lru-cache": {
      "version": "2.7.3",
      "resolved": "https://registry.npmjs.org/lru-cache/-/lru-cache-2.7.3.tgz",
      "integrity": "sha1-bUUk6LlV+V1PW1iFHOId1y+06VI="
    },
    "mariasql": {
      "version": "0.2.6",
      "resolved": "https://registry.npmjs.org/mariasql/-/mariasql-0.2.6.tgz",
      "integrity": "sha1-q3iwZxFy8Or06A3a0Cm4A/Nc93o=",
      "requires": {
        "lru-cache": "2.7.3",
        "nan": "2.8.0"
      }
    },
    "ms": {
      "version": "2.0.0",
      "resolved": "https://registry.npmjs.org/ms/-/ms-2.0.0.tgz",
      "integrity": "sha1-VgiurfwAvmwpAd9fmGF4jeDVl8g="
    },
    "nan": {
      "version": "2.8.0",
      "resolved": "https://registry.npmjs.org/nan/-/nan-2.8.0.tgz",
      "integrity": "sha1-7XFfP+neArV6XmJS2QqWZ14fCFo="
    },
    "typescript": {
      "version": "2.6.2",
      "resolved": "https://registry.npmjs.org/typescript/-/typescript-2.6.2.tgz",
      "integrity": "sha1-PFtv1/beCRQmkCfwPAlGdY92c6Q=",
      "dev": true
    }
  }
}
